
Microsoft Visual Studio Solution File, Format Version 12.00
# Visual Studio Version 16
VisualStudioVersion = 16.0.31515.178
MinimumVisualStudioVersion = 10.0.40219.1
Project("{FAE04EC0-301F-11D3-BF4B-00C04F79EFBC}") = "Task1", "Task1\Task1.csproj", "{6AFC5824-DC74-4305-B222-3D70AB4D3346}"
EndProject
Project("{FAE04EC0-301F-11D3-BF4B-00C04F79EFBC}") = "Task2", "Task2\Task2.csproj", "{5BC76610-E731-492D-A0E6-996101971E9E}"
EndProject
Global
	GlobalSection(SolutionConfigurationPlatforms) = preSolution
		Debug|Any CPU = Debug|Any CPU
		Release|Any CPU = Release|Any CPU
	EndGlobalSection
	GlobalSection(ProjectConfigurationPlatforms) = postSolution
		{6AFC5824-DC74-4305-B222-3D70AB4D3346}.Debug|Any CPU.ActiveCfg = Debug|Any CPU
		{6AFC5824-DC74-4305-B222-3D70AB4D3346}.Debug|Any CPU.Build.0 = Debug|Any CPU
		{6AFC5824-DC74-4305-B222-3D70AB4D3346}.Release|Any CPU.ActiveCfg = Release|Any CPU
		{6AFC5824-DC74-4305-B222-3D70AB4D3346}.Release|Any CPU.Build.0 = Release|Any CPU
		{5BC76610-E731-492D-A0E6-996101971E9E}.Debug|Any CPU.ActiveCfg = Debug|Any CPU
		{5BC76610-E731-492D-A0E6-996101971E9E}.Debug|Any CPU.Build.0 = Debug|Any CPU
		{5BC76610-E731-492D-A0E6-996101971E9E}.Release|Any CPU.ActiveCfg = Release|Any CPU
		{5BC76610-E731-492D-A0E6-996101971E9E}.Release|Any CPU.Build.0 = Release|Any CPU
	EndGlobalSection
	GlobalSection(SolutionProperties) = preSolution
		HideSolutionNode = FALSE
	EndGlobalSection
	GlobalSection(ExtensibilityGlobals) = postSolution
		SolutionGuid = {0D1A27B8-B624-4C31-88AD-818BBACE0221}
	EndGlobalSection
EndGlobal
