
Microsoft Visual Studio Solution File, Format Version 12.00
# Visual Studio Version 16
VisualStudioVersion = 16.0.31515.178
MinimumVisualStudioVersion = 10.0.40219.1
Project("{9A19103F-16F7-4668-BE54-9A1E7A4F7556}") = "Task1", "Task1\Task1.csproj", "{6AFC5824-DC74-4305-B222-3D70AB4D3346}"
EndProject
Project("{9A19103F-16F7-4668-BE54-9A1E7A4F7556}") = "Task2", "Task2\Task2.csproj", "{5BC76610-E731-492D-A0E6-996101971E9E}"
EndProject
Project("{9A19103F-16F7-4668-BE54-9A1E7A4F7556}") = "Task3", "Task3\Task3.csproj", "{6775B067-68E2-4048-82F0-BD8507CE4E1B}"
EndProject
Project("{9A19103F-16F7-4668-BE54-9A1E7A4F7556}") = "Task4", "Task4\Task4.csproj", "{9D23CAD4-9541-454E-9254-CF7848F5C000}"
EndProject
Project("{9A19103F-16F7-4668-BE54-9A1E7A4F7556}") = "Task5", "Task5\Task5.csproj", "{3C1ED2EE-7CFC-4842-8492-02593F137213}"
EndProject
Project("{9A19103F-16F7-4668-BE54-9A1E7A4F7556}") = "Task6", "Task6\Task6.csproj", "{F78F46AE-B653-4196-AEEB-38452867195E}"
EndProject
Project("{9A19103F-16F7-4668-BE54-9A1E7A4F7556}") = "Task7", "Task7\Task7.csproj", "{AD959D1F-23A6-4E7C-ABDF-30280134D2D7}"
EndProject
Project("{9A19103F-16F7-4668-BE54-9A1E7A4F7556}") = "Task8", "Task8\Task8.csproj", "{E8BFB525-CBD8-4A18-96CE-4DABA5A39035}"
EndProject
Project("{9A19103F-16F7-4668-BE54-9A1E7A4F7556}") = "Task9", "Task9\Task9.csproj", "{30F15928-6C9B-4BCC-B05A-30C8EC926693}"
EndProject
Project("{9A19103F-16F7-4668-BE54-9A1E7A4F7556}") = "Task10", "Task10\Task10.csproj", "{7ED75F54-3C8F-4DF5-9290-BA3E3FA2D8B7}"
EndProject
Project("{FAE04EC0-301F-11D3-BF4B-00C04F79EFBC}") = "Task11", "Task11\Task11.csproj", "{60510549-46F9-455B-B61F-2CD179BA428B}"
EndProject
Global
	GlobalSection(SolutionConfigurationPlatforms) = preSolution
		Debug|Any CPU = Debug|Any CPU
		Release|Any CPU = Release|Any CPU
	EndGlobalSection
	GlobalSection(ProjectConfigurationPlatforms) = postSolution
		{6AFC5824-DC74-4305-B222-3D70AB4D3346}.Debug|Any CPU.ActiveCfg = Debug|Any CPU
		{6AFC5824-DC74-4305-B222-3D70AB4D3346}.Debug|Any CPU.Build.0 = Debug|Any CPU
		{6AFC5824-DC74-4305-B222-3D70AB4D3346}.Release|Any CPU.ActiveCfg = Release|Any CPU
		{6AFC5824-DC74-4305-B222-3D70AB4D3346}.Release|Any CPU.Build.0 = Release|Any CPU
		{5BC76610-E731-492D-A0E6-996101971E9E}.Debug|Any CPU.ActiveCfg = Debug|Any CPU
		{5BC76610-E731-492D-A0E6-996101971E9E}.Debug|Any CPU.Build.0 = Debug|Any CPU
		{5BC76610-E731-492D-A0E6-996101971E9E}.Release|Any CPU.ActiveCfg = Release|Any CPU
		{5BC76610-E731-492D-A0E6-996101971E9E}.Release|Any CPU.Build.0 = Release|Any CPU
		{6775B067-68E2-4048-82F0-BD8507CE4E1B}.Debug|Any CPU.ActiveCfg = Debug|Any CPU
		{6775B067-68E2-4048-82F0-BD8507CE4E1B}.Debug|Any CPU.Build.0 = Debug|Any CPU
		{6775B067-68E2-4048-82F0-BD8507CE4E1B}.Release|Any CPU.ActiveCfg = Release|Any CPU
		{6775B067-68E2-4048-82F0-BD8507CE4E1B}.Release|Any CPU.Build.0 = Release|Any CPU
		{9D23CAD4-9541-454E-9254-CF7848F5C000}.Debug|Any CPU.ActiveCfg = Debug|Any CPU
		{9D23CAD4-9541-454E-9254-CF7848F5C000}.Debug|Any CPU.Build.0 = Debug|Any CPU
		{9D23CAD4-9541-454E-9254-CF7848F5C000}.Release|Any CPU.ActiveCfg = Release|Any CPU
		{9D23CAD4-9541-454E-9254-CF7848F5C000}.Release|Any CPU.Build.0 = Release|Any CPU
		{3C1ED2EE-7CFC-4842-8492-02593F137213}.Debug|Any CPU.ActiveCfg = Debug|Any CPU
		{3C1ED2EE-7CFC-4842-8492-02593F137213}.Debug|Any CPU.Build.0 = Debug|Any CPU
		{3C1ED2EE-7CFC-4842-8492-02593F137213}.Release|Any CPU.ActiveCfg = Release|Any CPU
		{3C1ED2EE-7CFC-4842-8492-02593F137213}.Release|Any CPU.Build.0 = Release|Any CPU
		{F78F46AE-B653-4196-AEEB-38452867195E}.Debug|Any CPU.ActiveCfg = Debug|Any CPU
		{F78F46AE-B653-4196-AEEB-38452867195E}.Debug|Any CPU.Build.0 = Debug|Any CPU
		{F78F46AE-B653-4196-AEEB-38452867195E}.Release|Any CPU.ActiveCfg = Release|Any CPU
		{F78F46AE-B653-4196-AEEB-38452867195E}.Release|Any CPU.Build.0 = Release|Any CPU
		{AD959D1F-23A6-4E7C-ABDF-30280134D2D7}.Debug|Any CPU.ActiveCfg = Debug|Any CPU
		{AD959D1F-23A6-4E7C-ABDF-30280134D2D7}.Debug|Any CPU.Build.0 = Debug|Any CPU
		{AD959D1F-23A6-4E7C-ABDF-30280134D2D7}.Release|Any CPU.ActiveCfg = Release|Any CPU
		{AD959D1F-23A6-4E7C-ABDF-30280134D2D7}.Release|Any CPU.Build.0 = Release|Any CPU
		{E8BFB525-CBD8-4A18-96CE-4DABA5A39035}.Debug|Any CPU.ActiveCfg = Debug|Any CPU
		{E8BFB525-CBD8-4A18-96CE-4DABA5A39035}.Debug|Any CPU.Build.0 = Debug|Any CPU
		{E8BFB525-CBD8-4A18-96CE-4DABA5A39035}.Release|Any CPU.ActiveCfg = Release|Any CPU
		{E8BFB525-CBD8-4A18-96CE-4DABA5A39035}.Release|Any CPU.Build.0 = Release|Any CPU
		{30F15928-6C9B-4BCC-B05A-30C8EC926693}.Debug|Any CPU.ActiveCfg = Debug|Any CPU
		{30F15928-6C9B-4BCC-B05A-30C8EC926693}.Debug|Any CPU.Build.0 = Debug|Any CPU
		{30F15928-6C9B-4BCC-B05A-30C8EC926693}.Release|Any CPU.ActiveCfg = Release|Any CPU
		{30F15928-6C9B-4BCC-B05A-30C8EC926693}.Release|Any CPU.Build.0 = Release|Any CPU
		{7ED75F54-3C8F-4DF5-9290-BA3E3FA2D8B7}.Debug|Any CPU.ActiveCfg = Debug|Any CPU
		{7ED75F54-3C8F-4DF5-9290-BA3E3FA2D8B7}.Debug|Any CPU.Build.0 = Debug|Any CPU
		{7ED75F54-3C8F-4DF5-9290-BA3E3FA2D8B7}.Release|Any CPU.ActiveCfg = Release|Any CPU
		{7ED75F54-3C8F-4DF5-9290-BA3E3FA2D8B7}.Release|Any CPU.Build.0 = Release|Any CPU
		{60510549-46F9-455B-B61F-2CD179BA428B}.Debug|Any CPU.ActiveCfg = Debug|Any CPU
		{60510549-46F9-455B-B61F-2CD179BA428B}.Debug|Any CPU.Build.0 = Debug|Any CPU
		{60510549-46F9-455B-B61F-2CD179BA428B}.Release|Any CPU.ActiveCfg = Release|Any CPU
		{60510549-46F9-455B-B61F-2CD179BA428B}.Release|Any CPU.Build.0 = Release|Any CPU
	EndGlobalSection
	GlobalSection(SolutionProperties) = preSolution
		HideSolutionNode = FALSE
	EndGlobalSection
	GlobalSection(ExtensibilityGlobals) = postSolution
		SolutionGuid = {0D1A27B8-B624-4C31-88AD-818BBACE0221}
	EndGlobalSection
EndGlobal
