
Microsoft Visual Studio Solution File, Format Version 12.00
# Visual Studio Version 16
VisualStudioVersion = 16.0.31515.178
MinimumVisualStudioVersion = 10.0.40219.1
Project("{9A19103F-16F7-4668-BE54-9A1E7A4F7556}") = "Task1", "Task1\Task1.csproj", "{6AFC5824-DC74-4305-B222-3D70AB4D3346}"
EndProject
Project("{9A19103F-16F7-4668-BE54-9A1E7A4F7556}") = "Task2", "Task2\Task2.csproj", "{5BC76610-E731-492D-A0E6-996101971E9E}"
EndProject
Project("{FAE04EC0-301F-11D3-BF4B-00C04F79EFBC}") = "Task3", "Task3\Task3.csproj", "{6775B067-68E2-4048-82F0-BD8507CE4E1B}"
EndProject
Project("{FAE04EC0-301F-11D3-BF4B-00C04F79EFBC}") = "Task4", "Task4\Task4.csproj", "{9D23CAD4-9541-454E-9254-CF7848F5C000}"
EndProject
Global
	GlobalSection(SolutionConfigurationPlatforms) = preSolution
		Debug|Any CPU = Debug|Any CPU
		Release|Any CPU = Release|Any CPU
	EndGlobalSection
	GlobalSection(ProjectConfigurationPlatforms) = postSolution
		{6AFC5824-DC74-4305-B222-3D70AB4D3346}.Debug|Any CPU.ActiveCfg = Debug|Any CPU
		{6AFC5824-DC74-4305-B222-3D70AB4D3346}.Debug|Any CPU.Build.0 = Debug|Any CPU
		{6AFC5824-DC74-4305-B222-3D70AB4D3346}.Release|Any CPU.ActiveCfg = Release|Any CPU
		{6AFC5824-DC74-4305-B222-3D70AB4D3346}.Release|Any CPU.Build.0 = Release|Any CPU
		{5BC76610-E731-492D-A0E6-996101971E9E}.Debug|Any CPU.ActiveCfg = Debug|Any CPU
		{5BC76610-E731-492D-A0E6-996101971E9E}.Debug|Any CPU.Build.0 = Debug|Any CPU
		{5BC76610-E731-492D-A0E6-996101971E9E}.Release|Any CPU.ActiveCfg = Release|Any CPU
		{5BC76610-E731-492D-A0E6-996101971E9E}.Release|Any CPU.Build.0 = Release|Any CPU
		{6775B067-68E2-4048-82F0-BD8507CE4E1B}.Debug|Any CPU.ActiveCfg = Debug|Any CPU
		{6775B067-68E2-4048-82F0-BD8507CE4E1B}.Debug|Any CPU.Build.0 = Debug|Any CPU
		{6775B067-68E2-4048-82F0-BD8507CE4E1B}.Release|Any CPU.ActiveCfg = Release|Any CPU
		{6775B067-68E2-4048-82F0-BD8507CE4E1B}.Release|Any CPU.Build.0 = Release|Any CPU
		{9D23CAD4-9541-454E-9254-CF7848F5C000}.Debug|Any CPU.ActiveCfg = Debug|Any CPU
		{9D23CAD4-9541-454E-9254-CF7848F5C000}.Debug|Any CPU.Build.0 = Debug|Any CPU
		{9D23CAD4-9541-454E-9254-CF7848F5C000}.Release|Any CPU.ActiveCfg = Release|Any CPU
		{9D23CAD4-9541-454E-9254-CF7848F5C000}.Release|Any CPU.Build.0 = Release|Any CPU
	EndGlobalSection
	GlobalSection(SolutionProperties) = preSolution
		HideSolutionNode = FALSE
	EndGlobalSection
	GlobalSection(ExtensibilityGlobals) = postSolution
		SolutionGuid = {0D1A27B8-B624-4C31-88AD-818BBACE0221}
	EndGlobalSection
EndGlobal
